
Microsoft Visual Studio Solution File, Format Version 12.00
# Visual Studio Version 17
VisualStudioVersion = 17.7.34031.279
MinimumVisualStudioVersion = 10.0.40219.1
Project("{FAE04EC0-301F-11D3-BF4B-00C04F79EFBC}") = "Essential-3", "Essential-3\Essential-3.csproj", "{4DFF64E8-0CAF-4FF7-926B-3D8E65EC85A6}"
EndProject
Global
	GlobalSection(SolutionConfigurationPlatforms) = preSolution
		Debug|Any CPU = Debug|Any CPU
		Release|Any CPU = Release|Any CPU
	EndGlobalSection
	GlobalSection(ProjectConfigurationPlatforms) = postSolution
		{4DFF64E8-0CAF-4FF7-926B-3D8E65EC85A6}.Debug|Any CPU.ActiveCfg = Debug|Any CPU
		{4DFF64E8-0CAF-4FF7-926B-3D8E65EC85A6}.Debug|Any CPU.Build.0 = Debug|Any CPU
		{4DFF64E8-0CAF-4FF7-926B-3D8E65EC85A6}.Release|Any CPU.ActiveCfg = Release|Any CPU
		{4DFF64E8-0CAF-4FF7-926B-3D8E65EC85A6}.Release|Any CPU.Build.0 = Release|Any CPU
	EndGlobalSection
	GlobalSection(SolutionProperties) = preSolution
		HideSolutionNode = FALSE
	EndGlobalSection
	GlobalSection(ExtensibilityGlobals) = postSolution
		SolutionGuid = {245896D7-CEFA-42C7-8695-5964C6421B0D}
	EndGlobalSection
EndGlobal
